// !$*UTF8*$!
{
	archiveVersion = 1;
	classes = {
	};
	objectVersion = 56;
	objects = {

/* Begin PBXBuildFile section */
		B05564C82A03F9EC001C81D1 /* AppDelegate.swift in Sources */ = {isa = PBXBuildFile; fileRef = B05564C72A03F9EC001C81D1 /* AppDelegate.swift */; };
		B05564CA2A03F9EC001C81D1 /* SceneDelegate.swift in Sources */ = {isa = PBXBuildFile; fileRef = B05564C92A03F9EC001C81D1 /* SceneDelegate.swift */; };
		B05564CF2A03F9EC001C81D1 /* Main.storyboard in Resources */ = {isa = PBXBuildFile; fileRef = B05564CD2A03F9EC001C81D1 /* Main.storyboard */; };
		B05564D12A03F9ED001C81D1 /* Assets.xcassets in Resources */ = {isa = PBXBuildFile; fileRef = B05564D02A03F9ED001C81D1 /* Assets.xcassets */; };
		B05564D42A03F9ED001C81D1 /* LaunchScreen.storyboard in Resources */ = {isa = PBXBuildFile; fileRef = B05564D22A03F9ED001C81D1 /* LaunchScreen.storyboard */; };
		B05564DF2A03F9EE001C81D1 /* Le_BaluchonTests.swift in Sources */ = {isa = PBXBuildFile; fileRef = B05564DE2A03F9EE001C81D1 /* Le_BaluchonTests.swift */; };
		B05564E92A03F9EE001C81D1 /* Le_BaluchonUITests.swift in Sources */ = {isa = PBXBuildFile; fileRef = B05564E82A03F9EE001C81D1 /* Le_BaluchonUITests.swift */; };
		B05564EB2A03F9EE001C81D1 /* Le_BaluchonUITestsLaunchTests.swift in Sources */ = {isa = PBXBuildFile; fileRef = B05564EA2A03F9EE001C81D1 /* Le_BaluchonUITestsLaunchTests.swift */; };
		B05564FC2A03FD76001C81D1 /* CurrencyViewController.swift in Sources */ = {isa = PBXBuildFile; fileRef = B05564FB2A03FD76001C81D1 /* CurrencyViewController.swift */; };
		B05564FE2A03FD87001C81D1 /* WeatherViewController.swift in Sources */ = {isa = PBXBuildFile; fileRef = B05564FD2A03FD87001C81D1 /* WeatherViewController.swift */; };
		B05565002A03FDA8001C81D1 /* TranslateViewController.swift in Sources */ = {isa = PBXBuildFile; fileRef = B05564FF2A03FDA8001C81D1 /* TranslateViewController.swift */; };
		B05565022A040074001C81D1 /* Keys.plist in Resources */ = {isa = PBXBuildFile; fileRef = B05565012A040074001C81D1 /* Keys.plist */; };
		B05565042A0400FF001C81D1 /* CurrencyConverter.swift in Sources */ = {isa = PBXBuildFile; fileRef = B05565032A0400FF001C81D1 /* CurrencyConverter.swift */; };
		B0BD7E592A0D41A200C3A9C8 /* Weather.swift in Sources */ = {isa = PBXBuildFile; fileRef = B0BD7E582A0D41A200C3A9C8 /* Weather.swift */; };
		B0BD7E5B2A0D41B000C3A9C8 /* Translation.swift in Sources */ = {isa = PBXBuildFile; fileRef = B0BD7E5A2A0D41B000C3A9C8 /* Translation.swift */; };
/* End PBXBuildFile section */

/* Begin PBXContainerItemProxy section */
		B05564DB2A03F9EE001C81D1 /* PBXContainerItemProxy */ = {
			isa = PBXContainerItemProxy;
			containerPortal = B05564BC2A03F9EC001C81D1 /* Project object */;
			proxyType = 1;
			remoteGlobalIDString = B05564C32A03F9EC001C81D1;
			remoteInfo = "Le Baluchon";
		};
		B05564E52A03F9EE001C81D1 /* PBXContainerItemProxy */ = {
			isa = PBXContainerItemProxy;
			containerPortal = B05564BC2A03F9EC001C81D1 /* Project object */;
			proxyType = 1;
			remoteGlobalIDString = B05564C32A03F9EC001C81D1;
			remoteInfo = "Le Baluchon";
		};
/* End PBXContainerItemProxy section */

/* Begin PBXFileReference section */
		B05564C42A03F9EC001C81D1 /* Le Baluchon.app */ = {isa = PBXFileReference; explicitFileType = wrapper.application; includeInIndex = 0; path = "Le Baluchon.app"; sourceTree = BUILT_PRODUCTS_DIR; };
		B05564C72A03F9EC001C81D1 /* AppDelegate.swift */ = {isa = PBXFileReference; lastKnownFileType = sourcecode.swift; path = AppDelegate.swift; sourceTree = "<group>"; };
		B05564C92A03F9EC001C81D1 /* SceneDelegate.swift */ = {isa = PBXFileReference; lastKnownFileType = sourcecode.swift; path = SceneDelegate.swift; sourceTree = "<group>"; };
		B05564CE2A03F9EC001C81D1 /* Base */ = {isa = PBXFileReference; lastKnownFileType = file.storyboard; name = Base; path = Base.lproj/Main.storyboard; sourceTree = "<group>"; };
		B05564D02A03F9ED001C81D1 /* Assets.xcassets */ = {isa = PBXFileReference; lastKnownFileType = folder.assetcatalog; path = Assets.xcassets; sourceTree = "<group>"; };
		B05564D32A03F9ED001C81D1 /* Base */ = {isa = PBXFileReference; lastKnownFileType = file.storyboard; name = Base; path = Base.lproj/LaunchScreen.storyboard; sourceTree = "<group>"; };
		B05564D52A03F9ED001C81D1 /* Info.plist */ = {isa = PBXFileReference; lastKnownFileType = text.plist.xml; path = Info.plist; sourceTree = "<group>"; };
		B05564DA2A03F9EE001C81D1 /* Le BaluchonTests.xctest */ = {isa = PBXFileReference; explicitFileType = wrapper.cfbundle; includeInIndex = 0; path = "Le BaluchonTests.xctest"; sourceTree = BUILT_PRODUCTS_DIR; };
		B05564DE2A03F9EE001C81D1 /* Le_BaluchonTests.swift */ = {isa = PBXFileReference; lastKnownFileType = sourcecode.swift; path = Le_BaluchonTests.swift; sourceTree = "<group>"; };
		B05564E42A03F9EE001C81D1 /* Le BaluchonUITests.xctest */ = {isa = PBXFileReference; explicitFileType = wrapper.cfbundle; includeInIndex = 0; path = "Le BaluchonUITests.xctest"; sourceTree = BUILT_PRODUCTS_DIR; };
		B05564E82A03F9EE001C81D1 /* Le_BaluchonUITests.swift */ = {isa = PBXFileReference; lastKnownFileType = sourcecode.swift; path = Le_BaluchonUITests.swift; sourceTree = "<group>"; };
		B05564EA2A03F9EE001C81D1 /* Le_BaluchonUITestsLaunchTests.swift */ = {isa = PBXFileReference; lastKnownFileType = sourcecode.swift; path = Le_BaluchonUITestsLaunchTests.swift; sourceTree = "<group>"; };
		B05564FB2A03FD76001C81D1 /* CurrencyViewController.swift */ = {isa = PBXFileReference; lastKnownFileType = sourcecode.swift; path = CurrencyViewController.swift; sourceTree = "<group>"; };
		B05564FD2A03FD87001C81D1 /* WeatherViewController.swift */ = {isa = PBXFileReference; lastKnownFileType = sourcecode.swift; path = WeatherViewController.swift; sourceTree = "<group>"; };
		B05564FF2A03FDA8001C81D1 /* TranslateViewController.swift */ = {isa = PBXFileReference; lastKnownFileType = sourcecode.swift; path = TranslateViewController.swift; sourceTree = "<group>"; };
		B05565012A040074001C81D1 /* Keys.plist */ = {isa = PBXFileReference; lastKnownFileType = text.plist.xml; path = Keys.plist; sourceTree = "<group>"; };
		B05565032A0400FF001C81D1 /* CurrencyConverter.swift */ = {isa = PBXFileReference; lastKnownFileType = sourcecode.swift; path = CurrencyConverter.swift; sourceTree = "<group>"; };
		B0BD7E582A0D41A200C3A9C8 /* Weather.swift */ = {isa = PBXFileReference; lastKnownFileType = sourcecode.swift; path = Weather.swift; sourceTree = "<group>"; };
		B0BD7E5A2A0D41B000C3A9C8 /* Translation.swift */ = {isa = PBXFileReference; lastKnownFileType = sourcecode.swift; path = Translation.swift; sourceTree = "<group>"; };
/* End PBXFileReference section */

/* Begin PBXFrameworksBuildPhase section */
		B05564C12A03F9EC001C81D1 /* Frameworks */ = {
			isa = PBXFrameworksBuildPhase;
			buildActionMask = 2147483647;
			files = (
			);
			runOnlyForDeploymentPostprocessing = 0;
		};
		B05564D72A03F9EE001C81D1 /* Frameworks */ = {
			isa = PBXFrameworksBuildPhase;
			buildActionMask = 2147483647;
			files = (
			);
			runOnlyForDeploymentPostprocessing = 0;
		};
		B05564E12A03F9EE001C81D1 /* Frameworks */ = {
			isa = PBXFrameworksBuildPhase;
			buildActionMask = 2147483647;
			files = (
			);
			runOnlyForDeploymentPostprocessing = 0;
		};
/* End PBXFrameworksBuildPhase section */

/* Begin PBXGroup section */
		B05564BB2A03F9EC001C81D1 = {
			isa = PBXGroup;
			children = (
				B05564C62A03F9EC001C81D1 /* Le Baluchon */,
				B05564DD2A03F9EE001C81D1 /* Le BaluchonTests */,
				B05564E72A03F9EE001C81D1 /* Le BaluchonUITests */,
				B05564C52A03F9EC001C81D1 /* Products */,
			);
			sourceTree = "<group>";
		};
		B05564C52A03F9EC001C81D1 /* Products */ = {
			isa = PBXGroup;
			children = (
				B05564C42A03F9EC001C81D1 /* Le Baluchon.app */,
				B05564DA2A03F9EE001C81D1 /* Le BaluchonTests.xctest */,
				B05564E42A03F9EE001C81D1 /* Le BaluchonUITests.xctest */,
			);
			name = Products;
			sourceTree = "<group>";
		};
		B05564C62A03F9EC001C81D1 /* Le Baluchon */ = {
			isa = PBXGroup;
			children = (
				B05564FA2A03FC6B001C81D1 /* Supporting Files */,
				B05564F92A03FC49001C81D1 /* Controller */,
				B05564F82A03FC44001C81D1 /* Model */,
				B05564F72A03FC3F001C81D1 /* View */,
				B05564D52A03F9ED001C81D1 /* Info.plist */,
			);
			path = "Le Baluchon";
			sourceTree = "<group>";
		};
		B05564DD2A03F9EE001C81D1 /* Le BaluchonTests */ = {
			isa = PBXGroup;
			children = (
				B05564DE2A03F9EE001C81D1 /* Le_BaluchonTests.swift */,
			);
			path = "Le BaluchonTests";
			sourceTree = "<group>";
		};
		B05564E72A03F9EE001C81D1 /* Le BaluchonUITests */ = {
			isa = PBXGroup;
			children = (
				B05564E82A03F9EE001C81D1 /* Le_BaluchonUITests.swift */,
				B05564EA2A03F9EE001C81D1 /* Le_BaluchonUITestsLaunchTests.swift */,
			);
			path = "Le BaluchonUITests";
			sourceTree = "<group>";
		};
		B05564F72A03FC3F001C81D1 /* View */ = {
			isa = PBXGroup;
			children = (
				B05564CD2A03F9EC001C81D1 /* Main.storyboard */,
				B05564D22A03F9ED001C81D1 /* LaunchScreen.storyboard */,
			);
			path = View;
			sourceTree = "<group>";
		};
		B05564F82A03FC44001C81D1 /* Model */ = {
			isa = PBXGroup;
			children = (
				B05565032A0400FF001C81D1 /* CurrencyConverter.swift */,
				B0BD7E582A0D41A200C3A9C8 /* Weather.swift */,
				B0BD7E5A2A0D41B000C3A9C8 /* Translation.swift */,
			);
			path = Model;
			sourceTree = "<group>";
		};
		B05564F92A03FC49001C81D1 /* Controller */ = {
			isa = PBXGroup;
			children = (
				B05564FB2A03FD76001C81D1 /* CurrencyViewController.swift */,
				B05564FD2A03FD87001C81D1 /* WeatherViewController.swift */,
				B05564FF2A03FDA8001C81D1 /* TranslateViewController.swift */,
			);
			path = Controller;
			sourceTree = "<group>";
		};
		B05564FA2A03FC6B001C81D1 /* Supporting Files */ = {
			isa = PBXGroup;
			children = (
				B05564D02A03F9ED001C81D1 /* Assets.xcassets */,
				B05565012A040074001C81D1 /* Keys.plist */,
				B05564C92A03F9EC001C81D1 /* SceneDelegate.swift */,
				B05564C72A03F9EC001C81D1 /* AppDelegate.swift */,
			);
			path = "Supporting Files";
			sourceTree = "<group>";
		};
/* End PBXGroup section */

/* Begin PBXNativeTarget section */
		B05564C32A03F9EC001C81D1 /* Le Baluchon */ = {
			isa = PBXNativeTarget;
			buildConfigurationList = B05564EE2A03F9EE001C81D1 /* Build configuration list for PBXNativeTarget "Le Baluchon" */;
			buildPhases = (
				B05564C02A03F9EC001C81D1 /* Sources */,
				B05564C12A03F9EC001C81D1 /* Frameworks */,
				B05564C22A03F9EC001C81D1 /* Resources */,
			);
			buildRules = (
			);
			dependencies = (
			);
			name = "Le Baluchon";
			productName = "Le Baluchon";
			productReference = B05564C42A03F9EC001C81D1 /* Le Baluchon.app */;
			productType = "com.apple.product-type.application";
		};
		B05564D92A03F9EE001C81D1 /* Le BaluchonTests */ = {
			isa = PBXNativeTarget;
			buildConfigurationList = B05564F12A03F9EE001C81D1 /* Build configuration list for PBXNativeTarget "Le BaluchonTests" */;
			buildPhases = (
				B05564D62A03F9EE001C81D1 /* Sources */,
				B05564D72A03F9EE001C81D1 /* Frameworks */,
				B05564D82A03F9EE001C81D1 /* Resources */,
			);
			buildRules = (
			);
			dependencies = (
				B05564DC2A03F9EE001C81D1 /* PBXTargetDependency */,
			);
			name = "Le BaluchonTests";
			productName = "Le BaluchonTests";
			productReference = B05564DA2A03F9EE001C81D1 /* Le BaluchonTests.xctest */;
			productType = "com.apple.product-type.bundle.unit-test";
		};
		B05564E32A03F9EE001C81D1 /* Le BaluchonUITests */ = {
			isa = PBXNativeTarget;
			buildConfigurationList = B05564F42A03F9EE001C81D1 /* Build configuration list for PBXNativeTarget "Le BaluchonUITests" */;
			buildPhases = (
				B05564E02A03F9EE001C81D1 /* Sources */,
				B05564E12A03F9EE001C81D1 /* Frameworks */,
				B05564E22A03F9EE001C81D1 /* Resources */,
			);
			buildRules = (
			);
			dependencies = (
				B05564E62A03F9EE001C81D1 /* PBXTargetDependency */,
			);
			name = "Le BaluchonUITests";
			productName = "Le BaluchonUITests";
			productReference = B05564E42A03F9EE001C81D1 /* Le BaluchonUITests.xctest */;
			productType = "com.apple.product-type.bundle.ui-testing";
		};
/* End PBXNativeTarget section */

/* Begin PBXProject section */
		B05564BC2A03F9EC001C81D1 /* Project object */ = {
			isa = PBXProject;
			attributes = {
				BuildIndependentTargetsInParallel = 1;
				LastSwiftUpdateCheck = 1420;
				LastUpgradeCheck = 1420;
				TargetAttributes = {
					B05564C32A03F9EC001C81D1 = {
						CreatedOnToolsVersion = 14.2;
					};
					B05564D92A03F9EE001C81D1 = {
						CreatedOnToolsVersion = 14.2;
						TestTargetID = B05564C32A03F9EC001C81D1;
					};
					B05564E32A03F9EE001C81D1 = {
						CreatedOnToolsVersion = 14.2;
						TestTargetID = B05564C32A03F9EC001C81D1;
					};
				};
			};
			buildConfigurationList = B05564BF2A03F9EC001C81D1 /* Build configuration list for PBXProject "Le Baluchon" */;
			compatibilityVersion = "Xcode 14.0";
			developmentRegion = en;
			hasScannedForEncodings = 0;
			knownRegions = (
				en,
				Base,
			);
			mainGroup = B05564BB2A03F9EC001C81D1;
			productRefGroup = B05564C52A03F9EC001C81D1 /* Products */;
			projectDirPath = "";
			projectRoot = "";
			targets = (
				B05564C32A03F9EC001C81D1 /* Le Baluchon */,
				B05564D92A03F9EE001C81D1 /* Le BaluchonTests */,
				B05564E32A03F9EE001C81D1 /* Le BaluchonUITests */,
			);
		};
/* End PBXProject section */

/* Begin PBXResourcesBuildPhase section */
		B05564C22A03F9EC001C81D1 /* Resources */ = {
			isa = PBXResourcesBuildPhase;
			buildActionMask = 2147483647;
			files = (
				B05565022A040074001C81D1 /* Keys.plist in Resources */,
				B05564D42A03F9ED001C81D1 /* LaunchScreen.storyboard in Resources */,
				B05564D12A03F9ED001C81D1 /* Assets.xcassets in Resources */,
				B05564CF2A03F9EC001C81D1 /* Main.storyboard in Resources */,
			);
			runOnlyForDeploymentPostprocessing = 0;
		};
		B05564D82A03F9EE001C81D1 /* Resources */ = {
			isa = PBXResourcesBuildPhase;
			buildActionMask = 2147483647;
			files = (
			);
			runOnlyForDeploymentPostprocessing = 0;
		};
		B05564E22A03F9EE001C81D1 /* Resources */ = {
			isa = PBXResourcesBuildPhase;
			buildActionMask = 2147483647;
			files = (
			);
			runOnlyForDeploymentPostprocessing = 0;
		};
/* End PBXResourcesBuildPhase section */

/* Begin PBXSourcesBuildPhase section */
		B05564C02A03F9EC001C81D1 /* Sources */ = {
			isa = PBXSourcesBuildPhase;
			buildActionMask = 2147483647;
			files = (
				B05565042A0400FF001C81D1 /* CurrencyConverter.swift in Sources */,
				B05564FE2A03FD87001C81D1 /* WeatherViewController.swift in Sources */,
				B05564FC2A03FD76001C81D1 /* CurrencyViewController.swift in Sources */,
				B0BD7E5B2A0D41B000C3A9C8 /* Translation.swift in Sources */,
				B05564C82A03F9EC001C81D1 /* AppDelegate.swift in Sources */,
				B05564CA2A03F9EC001C81D1 /* SceneDelegate.swift in Sources */,
				B05565002A03FDA8001C81D1 /* TranslateViewController.swift in Sources */,
				B0BD7E592A0D41A200C3A9C8 /* Weather.swift in Sources */,
			);
			runOnlyForDeploymentPostprocessing = 0;
		};
		B05564D62A03F9EE001C81D1 /* Sources */ = {
			isa = PBXSourcesBuildPhase;
			buildActionMask = 2147483647;
			files = (
				B05564DF2A03F9EE001C81D1 /* Le_BaluchonTests.swift in Sources */,
			);
			runOnlyForDeploymentPostprocessing = 0;
		};
		B05564E02A03F9EE001C81D1 /* Sources */ = {
			isa = PBXSourcesBuildPhase;
			buildActionMask = 2147483647;
			files = (
				B05564E92A03F9EE001C81D1 /* Le_BaluchonUITests.swift in Sources */,
				B05564EB2A03F9EE001C81D1 /* Le_BaluchonUITestsLaunchTests.swift in Sources */,
			);
			runOnlyForDeploymentPostprocessing = 0;
		};
/* End PBXSourcesBuildPhase section */

/* Begin PBXTargetDependency section */
		B05564DC2A03F9EE001C81D1 /* PBXTargetDependency */ = {
			isa = PBXTargetDependency;
			target = B05564C32A03F9EC001C81D1 /* Le Baluchon */;
			targetProxy = B05564DB2A03F9EE001C81D1 /* PBXContainerItemProxy */;
		};
		B05564E62A03F9EE001C81D1 /* PBXTargetDependency */ = {
			isa = PBXTargetDependency;
			target = B05564C32A03F9EC001C81D1 /* Le Baluchon */;
			targetProxy = B05564E52A03F9EE001C81D1 /* PBXContainerItemProxy */;
		};
/* End PBXTargetDependency section */

/* Begin PBXVariantGroup section */
		B05564CD2A03F9EC001C81D1 /* Main.storyboard */ = {
			isa = PBXVariantGroup;
			children = (
				B05564CE2A03F9EC001C81D1 /* Base */,
			);
			name = Main.storyboard;
			sourceTree = "<group>";
		};
		B05564D22A03F9ED001C81D1 /* LaunchScreen.storyboard */ = {
			isa = PBXVariantGroup;
			children = (
				B05564D32A03F9ED001C81D1 /* Base */,
			);
			name = LaunchScreen.storyboard;
			sourceTree = "<group>";
		};
/* End PBXVariantGroup section */

/* Begin XCBuildConfiguration section */
		B05564EC2A03F9EE001C81D1 /* Debug */ = {
			isa = XCBuildConfiguration;
			buildSettings = {
				ALWAYS_SEARCH_USER_PATHS = NO;
				CLANG_ANALYZER_NONNULL = YES;
				CLANG_ANALYZER_NUMBER_OBJECT_CONVERSION = YES_AGGRESSIVE;
				CLANG_CXX_LANGUAGE_STANDARD = "gnu++20";
				CLANG_ENABLE_MODULES = YES;
				CLANG_ENABLE_OBJC_ARC = YES;
				CLANG_ENABLE_OBJC_WEAK = YES;
				CLANG_WARN_BLOCK_CAPTURE_AUTORELEASING = YES;
				CLANG_WARN_BOOL_CONVERSION = YES;
				CLANG_WARN_COMMA = YES;
				CLANG_WARN_CONSTANT_CONVERSION = YES;
				CLANG_WARN_DEPRECATED_OBJC_IMPLEMENTATIONS = YES;
				CLANG_WARN_DIRECT_OBJC_ISA_USAGE = YES_ERROR;
				CLANG_WARN_DOCUMENTATION_COMMENTS = YES;
				CLANG_WARN_EMPTY_BODY = YES;
				CLANG_WARN_ENUM_CONVERSION = YES;
				CLANG_WARN_INFINITE_RECURSION = YES;
				CLANG_WARN_INT_CONVERSION = YES;
				CLANG_WARN_NON_LITERAL_NULL_CONVERSION = YES;
				CLANG_WARN_OBJC_IMPLICIT_RETAIN_SELF = YES;
				CLANG_WARN_OBJC_LITERAL_CONVERSION = YES;
				CLANG_WARN_OBJC_ROOT_CLASS = YES_ERROR;
				CLANG_WARN_QUOTED_INCLUDE_IN_FRAMEWORK_HEADER = YES;
				CLANG_WARN_RANGE_LOOP_ANALYSIS = YES;
				CLANG_WARN_STRICT_PROTOTYPES = YES;
				CLANG_WARN_SUSPICIOUS_MOVE = YES;
				CLANG_WARN_UNGUARDED_AVAILABILITY = YES_AGGRESSIVE;
				CLANG_WARN_UNREACHABLE_CODE = YES;
				CLANG_WARN__DUPLICATE_METHOD_MATCH = YES;
				COPY_PHASE_STRIP = NO;
				DEBUG_INFORMATION_FORMAT = dwarf;
				ENABLE_STRICT_OBJC_MSGSEND = YES;
				ENABLE_TESTABILITY = YES;
				GCC_C_LANGUAGE_STANDARD = gnu11;
				GCC_DYNAMIC_NO_PIC = NO;
				GCC_NO_COMMON_BLOCKS = YES;
				GCC_OPTIMIZATION_LEVEL = 0;
				GCC_PREPROCESSOR_DEFINITIONS = (
					"DEBUG=1",
					"$(inherited)",
				);
				GCC_WARN_64_TO_32_BIT_CONVERSION = YES;
				GCC_WARN_ABOUT_RETURN_TYPE = YES_ERROR;
				GCC_WARN_UNDECLARED_SELECTOR = YES;
				GCC_WARN_UNINITIALIZED_AUTOS = YES_AGGRESSIVE;
				GCC_WARN_UNUSED_FUNCTION = YES;
				GCC_WARN_UNUSED_VARIABLE = YES;
				IPHONEOS_DEPLOYMENT_TARGET = 16.2;
				MTL_ENABLE_DEBUG_INFO = INCLUDE_SOURCE;
				MTL_FAST_MATH = YES;
				ONLY_ACTIVE_ARCH = YES;
				SDKROOT = iphoneos;
				SWIFT_ACTIVE_COMPILATION_CONDITIONS = DEBUG;
				SWIFT_OPTIMIZATION_LEVEL = "-Onone";
			};
			name = Debug;
		};
		B05564ED2A03F9EE001C81D1 /* Release */ = {
			isa = XCBuildConfiguration;
			buildSettings = {
				ALWAYS_SEARCH_USER_PATHS = NO;
				CLANG_ANALYZER_NONNULL = YES;
				CLANG_ANALYZER_NUMBER_OBJECT_CONVERSION = YES_AGGRESSIVE;
				CLANG_CXX_LANGUAGE_STANDARD = "gnu++20";
				CLANG_ENABLE_MODULES = YES;
				CLANG_ENABLE_OBJC_ARC = YES;
				CLANG_ENABLE_OBJC_WEAK = YES;
				CLANG_WARN_BLOCK_CAPTURE_AUTORELEASING = YES;
				CLANG_WARN_BOOL_CONVERSION = YES;
				CLANG_WARN_COMMA = YES;
				CLANG_WARN_CONSTANT_CONVERSION = YES;
				CLANG_WARN_DEPRECATED_OBJC_IMPLEMENTATIONS = YES;
				CLANG_WARN_DIRECT_OBJC_ISA_USAGE = YES_ERROR;
				CLANG_WARN_DOCUMENTATION_COMMENTS = YES;
				CLANG_WARN_EMPTY_BODY = YES;
				CLANG_WARN_ENUM_CONVERSION = YES;
				CLANG_WARN_INFINITE_RECURSION = YES;
				CLANG_WARN_INT_CONVERSION = YES;
				CLANG_WARN_NON_LITERAL_NULL_CONVERSION = YES;
				CLANG_WARN_OBJC_IMPLICIT_RETAIN_SELF = YES;
				CLANG_WARN_OBJC_LITERAL_CONVERSION = YES;
				CLANG_WARN_OBJC_ROOT_CLASS = YES_ERROR;
				CLANG_WARN_QUOTED_INCLUDE_IN_FRAMEWORK_HEADER = YES;
				CLANG_WARN_RANGE_LOOP_ANALYSIS = YES;
				CLANG_WARN_STRICT_PROTOTYPES = YES;
				CLANG_WARN_SUSPICIOUS_MOVE = YES;
				CLANG_WARN_UNGUARDED_AVAILABILITY = YES_AGGRESSIVE;
				CLANG_WARN_UNREACHABLE_CODE = YES;
				CLANG_WARN__DUPLICATE_METHOD_MATCH = YES;
				COPY_PHASE_STRIP = NO;
				DEBUG_INFORMATION_FORMAT = "dwarf-with-dsym";
				ENABLE_NS_ASSERTIONS = NO;
				ENABLE_STRICT_OBJC_MSGSEND = YES;
				GCC_C_LANGUAGE_STANDARD = gnu11;
				GCC_NO_COMMON_BLOCKS = YES;
				GCC_WARN_64_TO_32_BIT_CONVERSION = YES;
				GCC_WARN_ABOUT_RETURN_TYPE = YES_ERROR;
				GCC_WARN_UNDECLARED_SELECTOR = YES;
				GCC_WARN_UNINITIALIZED_AUTOS = YES_AGGRESSIVE;
				GCC_WARN_UNUSED_FUNCTION = YES;
				GCC_WARN_UNUSED_VARIABLE = YES;
				IPHONEOS_DEPLOYMENT_TARGET = 16.2;
				MTL_ENABLE_DEBUG_INFO = NO;
				MTL_FAST_MATH = YES;
				SDKROOT = iphoneos;
				SWIFT_COMPILATION_MODE = wholemodule;
				SWIFT_OPTIMIZATION_LEVEL = "-O";
				VALIDATE_PRODUCT = YES;
			};
			name = Release;
		};
		B05564EF2A03F9EE001C81D1 /* Debug */ = {
			isa = XCBuildConfiguration;
			buildSettings = {
				ASSETCATALOG_COMPILER_APPICON_NAME = AppIcon;
				ASSETCATALOG_COMPILER_GLOBAL_ACCENT_COLOR_NAME = AccentColor;
				CODE_SIGN_STYLE = Automatic;
				CURRENT_PROJECT_VERSION = 1;
				DEVELOPMENT_TEAM = 6T4FKUCAHQ;
				GENERATE_INFOPLIST_FILE = YES;
				INFOPLIST_FILE = "Le Baluchon/Info.plist";
				INFOPLIST_KEY_UIApplicationSupportsIndirectInputEvents = YES;
				INFOPLIST_KEY_UILaunchStoryboardName = LaunchScreen;
				INFOPLIST_KEY_UIMainStoryboardFile = Main;
				INFOPLIST_KEY_UISupportedInterfaceOrientations_iPad = "UIInterfaceOrientationPortrait UIInterfaceOrientationPortraitUpsideDown UIInterfaceOrientationLandscapeLeft UIInterfaceOrientationLandscapeRight";
				INFOPLIST_KEY_UISupportedInterfaceOrientations_iPhone = "UIInterfaceOrientationPortrait UIInterfaceOrientationLandscapeLeft UIInterfaceOrientationLandscapeRight";
				LD_RUNPATH_SEARCH_PATHS = (
					"$(inherited)",
					"@executable_path/Frameworks",
				);
				MARKETING_VERSION = 1.0;
				PRODUCT_BUNDLE_IDENTIFIER = "com.melvinpoutrel.Le-Baluchon";
				PRODUCT_NAME = "$(TARGET_NAME)";
				SWIFT_EMIT_LOC_STRINGS = YES;
				SWIFT_VERSION = 5.0;
				TARGETED_DEVICE_FAMILY = "1,2";
			};
			name = Debug;
		};
		B05564F02A03F9EE001C81D1 /* Release */ = {
			isa = XCBuildConfiguration;
			buildSettings = {
				ASSETCATALOG_COMPILER_APPICON_NAME = AppIcon;
				ASSETCATALOG_COMPILER_GLOBAL_ACCENT_COLOR_NAME = AccentColor;
				CODE_SIGN_STYLE = Automatic;
				CURRENT_PROJECT_VERSION = 1;
				DEVELOPMENT_TEAM = 6T4FKUCAHQ;
				GENERATE_INFOPLIST_FILE = YES;
				INFOPLIST_FILE = "Le Baluchon/Info.plist";
				INFOPLIST_KEY_UIApplicationSupportsIndirectInputEvents = YES;
				INFOPLIST_KEY_UILaunchStoryboardName = LaunchScreen;
				INFOPLIST_KEY_UIMainStoryboardFile = Main;
				INFOPLIST_KEY_UISupportedInterfaceOrientations_iPad = "UIInterfaceOrientationPortrait UIInterfaceOrientationPortraitUpsideDown UIInterfaceOrientationLandscapeLeft UIInterfaceOrientationLandscapeRight";
				INFOPLIST_KEY_UISupportedInterfaceOrientations_iPhone = "UIInterfaceOrientationPortrait UIInterfaceOrientationLandscapeLeft UIInterfaceOrientationLandscapeRight";
				LD_RUNPATH_SEARCH_PATHS = (
					"$(inherited)",
					"@executable_path/Frameworks",
				);
				MARKETING_VERSION = 1.0;
				PRODUCT_BUNDLE_IDENTIFIER = "com.melvinpoutrel.Le-Baluchon";
				PRODUCT_NAME = "$(TARGET_NAME)";
				SWIFT_EMIT_LOC_STRINGS = YES;
				SWIFT_VERSION = 5.0;
				TARGETED_DEVICE_FAMILY = "1,2";
			};
			name = Release;
		};
		B05564F22A03F9EE001C81D1 /* Debug */ = {
			isa = XCBuildConfiguration;
			buildSettings = {
				ALWAYS_EMBED_SWIFT_STANDARD_LIBRARIES = YES;
				BUNDLE_LOADER = "$(TEST_HOST)";
				CODE_SIGN_STYLE = Automatic;
				CURRENT_PROJECT_VERSION = 1;
				DEVELOPMENT_TEAM = 6T4FKUCAHQ;
				GENERATE_INFOPLIST_FILE = YES;
				IPHONEOS_DEPLOYMENT_TARGET = 16.2;
				MARKETING_VERSION = 1.0;
				PRODUCT_BUNDLE_IDENTIFIER = "com.melvinpoutrel.Le-BaluchonTests";
				PRODUCT_NAME = "$(TARGET_NAME)";
				SWIFT_EMIT_LOC_STRINGS = NO;
				SWIFT_VERSION = 5.0;
				TARGETED_DEVICE_FAMILY = "1,2";
				TEST_HOST = "$(BUILT_PRODUCTS_DIR)/Le Baluchon.app/$(BUNDLE_EXECUTABLE_FOLDER_PATH)/Le Baluchon";
			};
			name = Debug;
		};
		B05564F32A03F9EE001C81D1 /* Release */ = {
			isa = XCBuildConfiguration;
			buildSettings = {
				ALWAYS_EMBED_SWIFT_STANDARD_LIBRARIES = YES;
				BUNDLE_LOADER = "$(TEST_HOST)";
				CODE_SIGN_STYLE = Automatic;
				CURRENT_PROJECT_VERSION = 1;
				DEVELOPMENT_TEAM = 6T4FKUCAHQ;
				GENERATE_INFOPLIST_FILE = YES;
				IPHONEOS_DEPLOYMENT_TARGET = 16.2;
				MARKETING_VERSION = 1.0;
				PRODUCT_BUNDLE_IDENTIFIER = "com.melvinpoutrel.Le-BaluchonTests";
				PRODUCT_NAME = "$(TARGET_NAME)";
				SWIFT_EMIT_LOC_STRINGS = NO;
				SWIFT_VERSION = 5.0;
				TARGETED_DEVICE_FAMILY = "1,2";
				TEST_HOST = "$(BUILT_PRODUCTS_DIR)/Le Baluchon.app/$(BUNDLE_EXECUTABLE_FOLDER_PATH)/Le Baluchon";
			};
			name = Release;
		};
		B05564F52A03F9EE001C81D1 /* Debug */ = {
			isa = XCBuildConfiguration;
			buildSettings = {
				ALWAYS_EMBED_SWIFT_STANDARD_LIBRARIES = YES;
				CODE_SIGN_STYLE = Automatic;
				CURRENT_PROJECT_VERSION = 1;
				DEVELOPMENT_TEAM = 6T4FKUCAHQ;
				GENERATE_INFOPLIST_FILE = YES;
				MARKETING_VERSION = 1.0;
				PRODUCT_BUNDLE_IDENTIFIER = "com.melvinpoutrel.Le-BaluchonUITests";
				PRODUCT_NAME = "$(TARGET_NAME)";
				SWIFT_EMIT_LOC_STRINGS = NO;
				SWIFT_VERSION = 5.0;
				TARGETED_DEVICE_FAMILY = "1,2";
				TEST_TARGET_NAME = "Le Baluchon";
			};
			name = Debug;
		};
		B05564F62A03F9EE001C81D1 /* Release */ = {
			isa = XCBuildConfiguration;
			buildSettings = {
				ALWAYS_EMBED_SWIFT_STANDARD_LIBRARIES = YES;
				CODE_SIGN_STYLE = Automatic;
				CURRENT_PROJECT_VERSION = 1;
				DEVELOPMENT_TEAM = 6T4FKUCAHQ;
				GENERATE_INFOPLIST_FILE = YES;
				MARKETING_VERSION = 1.0;
				PRODUCT_BUNDLE_IDENTIFIER = "com.melvinpoutrel.Le-BaluchonUITests";
				PRODUCT_NAME = "$(TARGET_NAME)";
				SWIFT_EMIT_LOC_STRINGS = NO;
				SWIFT_VERSION = 5.0;
				TARGETED_DEVICE_FAMILY = "1,2";
				TEST_TARGET_NAME = "Le Baluchon";
			};
			name = Release;
		};
/* End XCBuildConfiguration section */

/* Begin XCConfigurationList section */
		B05564BF2A03F9EC001C81D1 /* Build configuration list for PBXProject "Le Baluchon" */ = {
			isa = XCConfigurationList;
			buildConfigurations = (
				B05564EC2A03F9EE001C81D1 /* Debug */,
				B05564ED2A03F9EE001C81D1 /* Release */,
			);
			defaultConfigurationIsVisible = 0;
			defaultConfigurationName = Release;
		};
		B05564EE2A03F9EE001C81D1 /* Build configuration list for PBXNativeTarget "Le Baluchon" */ = {
			isa = XCConfigurationList;
			buildConfigurations = (
				B05564EF2A03F9EE001C81D1 /* Debug */,
				B05564F02A03F9EE001C81D1 /* Release */,
			);
			defaultConfigurationIsVisible = 0;
			defaultConfigurationName = Release;
		};
		B05564F12A03F9EE001C81D1 /* Build configuration list for PBXNativeTarget "Le BaluchonTests" */ = {
			isa = XCConfigurationList;
			buildConfigurations = (
				B05564F22A03F9EE001C81D1 /* Debug */,
				B05564F32A03F9EE001C81D1 /* Release */,
			);
			defaultConfigurationIsVisible = 0;
			defaultConfigurationName = Release;
		};
		B05564F42A03F9EE001C81D1 /* Build configuration list for PBXNativeTarget "Le BaluchonUITests" */ = {
			isa = XCConfigurationList;
			buildConfigurations = (
				B05564F52A03F9EE001C81D1 /* Debug */,
				B05564F62A03F9EE001C81D1 /* Release */,
			);
			defaultConfigurationIsVisible = 0;
			defaultConfigurationName = Release;
		};
/* End XCConfigurationList section */
	};
	rootObject = B05564BC2A03F9EC001C81D1 /* Project object */;
}
